
Microsoft Visual Studio Solution File, Format Version 12.00
# Visual Studio Version 17
VisualStudioVersion = 17.0.31903.59
MinimumVisualStudioVersion = 10.0.40219.1
Project("{2150E333-8FDC-42A3-9474-1A3956D46DE8}") = "src", "src", "{44F5E864-BC2E-46CD-A852-248598B4F326}"
EndProject
Project("{FAE04EC0-301F-11D3-BF4B-00C04F79EFBC}") = "BtBattery.Abstractions", "src\BtBattery.Abstractions\BtBattery.Abstractions.csproj", "{1356E27A-70B0-43E8-8AFC-717A9C3507B4}"
EndProject
Project("{FAE04EC0-301F-11D3-BF4B-00C04F79EFBC}") = "BtBattery.Windows", "src\BtBattery.Windows\BtBattery.Windows.csproj", "{F193AC70-7B3B-4581-9628-2A70CCBEDB9E}"
EndProject
Project("{FAE04EC0-301F-11D3-BF4B-00C04F79EFBC}") = "BtBattery.Spike", "src\BtBattery.Spike\BtBattery.Spike.csproj", "{8E8FFE54-1A65-45A9-B9F1-69D4B9F9EEE1}"
EndProject
Project("{FAE04EC0-301F-11D3-BF4B-00C04F79EFBC}") = "BtBattery.Extension", "src\BtBattery.Extension\BtBattery.Extension.csproj", "{A3C4D5E6-F7A8-4B9C-8D0E-1F2A3B4C5D6E}"
EndProject
Project("{2150E333-8FDC-42A3-9474-1A3956D46DE8}") = "tests", "tests", "{B5E4DDF1-B33E-4364-A22A-CBECC5E72828}"
EndProject
Project("{FAE04EC0-301F-11D3-BF4B-00C04F79EFBC}") = "BtBattery.Tests", "tests\BtBattery.Tests\BtBattery.Tests.csproj", "{7803FD6B-E2F6-4DB3-B934-0C42481AB68D}"
EndProject
Global
	GlobalSection(SolutionConfigurationPlatforms) = preSolution
		Debug|Any CPU = Debug|Any CPU
		Release|Any CPU = Release|Any CPU
	EndGlobalSection
	GlobalSection(SolutionProperties) = preSolution
		HideSolutionNode = FALSE
	EndGlobalSection
	GlobalSection(ProjectConfigurationPlatforms) = postSolution
		{1356E27A-70B0-43E8-8AFC-717A9C3507B4}.Debug|Any CPU.ActiveCfg = Debug|x64
		{1356E27A-70B0-43E8-8AFC-717A9C3507B4}.Debug|Any CPU.Build.0 = Debug|x64
		{1356E27A-70B0-43E8-8AFC-717A9C3507B4}.Release|Any CPU.ActiveCfg = Release|x64
		{1356E27A-70B0-43E8-8AFC-717A9C3507B4}.Release|Any CPU.Build.0 = Release|x64
		{F193AC70-7B3B-4581-9628-2A70CCBEDB9E}.Debug|Any CPU.ActiveCfg = Debug|x64
		{F193AC70-7B3B-4581-9628-2A70CCBEDB9E}.Debug|Any CPU.Build.0 = Debug|x64
		{F193AC70-7B3B-4581-9628-2A70CCBEDB9E}.Release|Any CPU.ActiveCfg = Release|x64
		{F193AC70-7B3B-4581-9628-2A70CCBEDB9E}.Release|Any CPU.Build.0 = Release|x64
		{8E8FFE54-1A65-45A9-B9F1-69D4B9F9EEE1}.Debug|Any CPU.ActiveCfg = Debug|x64
		{8E8FFE54-1A65-45A9-B9F1-69D4B9F9EEE1}.Debug|Any CPU.Build.0 = Debug|x64
		{8E8FFE54-1A65-45A9-B9F1-69D4B9F9EEE1}.Release|Any CPU.ActiveCfg = Release|x64
		{8E8FFE54-1A65-45A9-B9F1-69D4B9F9EEE1}.Release|Any CPU.Build.0 = Release|x64
		{A3C4D5E6-F7A8-4B9C-8D0E-1F2A3B4C5D6E}.Debug|Any CPU.ActiveCfg = Debug|x64
		{A3C4D5E6-F7A8-4B9C-8D0E-1F2A3B4C5D6E}.Debug|Any CPU.Build.0 = Debug|x64
		{A3C4D5E6-F7A8-4B9C-8D0E-1F2A3B4C5D6E}.Release|Any CPU.ActiveCfg = Release|x64
		{A3C4D5E6-F7A8-4B9C-8D0E-1F2A3B4C5D6E}.Release|Any CPU.Build.0 = Release|x64
		{7803FD6B-E2F6-4DB3-B934-0C42481AB68D}.Debug|Any CPU.ActiveCfg = Debug|x64
		{7803FD6B-E2F6-4DB3-B934-0C42481AB68D}.Debug|Any CPU.Build.0 = Debug|x64
		{7803FD6B-E2F6-4DB3-B934-0C42481AB68D}.Release|Any CPU.ActiveCfg = Release|x64
		{7803FD6B-E2F6-4DB3-B934-0C42481AB68D}.Release|Any CPU.Build.0 = Release|x64
	EndGlobalSection
	GlobalSection(NestedProjects) = preSolution
		{1356E27A-70B0-43E8-8AFC-717A9C3507B4} = {44F5E864-BC2E-46CD-A852-248598B4F326}
		{F193AC70-7B3B-4581-9628-2A70CCBEDB9E} = {44F5E864-BC2E-46CD-A852-248598B4F326}
		{8E8FFE54-1A65-45A9-B9F1-69D4B9F9EEE1} = {44F5E864-BC2E-46CD-A852-248598B4F326}
		{A3C4D5E6-F7A8-4B9C-8D0E-1F2A3B4C5D6E} = {44F5E864-BC2E-46CD-A852-248598B4F326}
		{7803FD6B-E2F6-4DB3-B934-0C42481AB68D} = {B5E4DDF1-B33E-4364-A22A-CBECC5E72828}
	EndGlobalSection
EndGlobal
